
Microsoft Visual Studio Solution File, Format Version 12.00
# Visual Studio Version 16
VisualStudioVersion = 25.0.1706.12
MinimumVisualStudioVersion = 10.0.40219.1
Project("{FAE04EC0-301F-11D3-BF4B-00C04F79EFBC}") = "MAUI_Final_Project", "MAUI_Final_Project\MAUI_Final_Project.csproj", "{24A90B97-A061-4F42-A68F-0AE9F6209712}"
EndProject
Global
	GlobalSection(SolutionConfigurationPlatforms) = preSolution
		Debug|Any CPU = Debug|Any CPU
		Release|Any CPU = Release|Any CPU
	EndGlobalSection
	GlobalSection(ProjectConfigurationPlatforms) = postSolution
		{24A90B97-A061-4F42-A68F-0AE9F6209712}.Debug|Any CPU.ActiveCfg = Debug|Any CPU
		{24A90B97-A061-4F42-A68F-0AE9F6209712}.Debug|Any CPU.Build.0 = Debug|Any CPU
		{24A90B97-A061-4F42-A68F-0AE9F6209712}.Release|Any CPU.ActiveCfg = Release|Any CPU
		{24A90B97-A061-4F42-A68F-0AE9F6209712}.Release|Any CPU.Build.0 = Release|Any CPU
	EndGlobalSection
	GlobalSection(SolutionProperties) = preSolution
		HideSolutionNode = FALSE
	EndGlobalSection
	GlobalSection(ExtensibilityGlobals) = postSolution
		SolutionGuid = {13F1293E-0AFE-41B7-88A6-01FE48186EFB}
	EndGlobalSection
EndGlobal
